github.com/aws/aws-sdk-go-v2 v1.5.0/go.mod h1:tI4KhsR5VkzlUa2DZAdwx7wCAYGwkZZ1H31PYrBFx1w=
github.com/aws/aws-sdk-go-v2 v1.16.13 h1:HgF7OX2q0gSZtcXoo9DMEA8A2Qk/GCxmWyM0RI7Yz2Y=
github.com/aws/aws-sdk-go-v2 v1.16.13/go.mod h1:xSyvSnzh0KLs5H4HJGeIEsNYemUWdNIl0b/rP6SIsLU=
github.com/aws/aws-sdk-go-v2/credentials v1.2.0 h1:NxD//04/Y4nid+Slj8JjouisY/DAYjjXW4lqWNkBaO8=
github.com/aws/aws-sdk-go-v2/credentials v1.2.0/go.mod h1:3Xxgc7WsldLnLnPSRcNOT5eVRgb55Kkgp8mE5kAmLrU=
github.com/aws/aws-sdk-go-v2/feature/dynamodb/attributevalue v1.9.15 h1:NUnAbqa10C76NJNtXX5VZ3ut2DNwcCogK6uu0O5p31Y=
github.com/aws/aws-sdk-go-v2/feature/dynamodb/attributevalue v1.9.15/go.mod h1:Ce/dsBNVB9odTF0+JrG8rbnyiqosVCVTq+Ihv6FjHtc=
github.com/aws/aws-sdk-go-v2/feature/ec2/imds v1.1.0/go.mod h1:GOKx1449nzMoUdTKrP41RsPn1hogOaxb+5MaoOiZgqc=
github.com/aws/aws-sdk-go-v2/internal/configsources v1.1.20 h1:Rk8eqZSdFovt8Id+O+i2qT0c3CY13DPn2SfGOEVlxNs=
github.com/aws/aws-sdk-go-v2/internal/configsources v1.1.20/go.mod h1:gdZ5gRUaxThXIZyZQ8MTtgYBk2jbHgp05BO3GcD9Cwc=
github.com/aws/aws-sdk-go-v2/internal/endpoints/v2 v2.4.14 h1:6Yxuq9yrkoLYab5JXqJnto9tdRuIcYVdR+eiKjsJYWU=
github.com/aws/aws-sdk-go-v2/internal/endpoints/v2 v2.4.14/go.mod h1:GEV9jaDPIgayiU+uevxwozcvUOjc+P4aHE2BeSjm2vE=
github.com/aws/aws-sdk-go-v2/service/dynamodb v1.16.3 h1:3ZQEfgvlUD/6I4IKN0ssgUbLwdLayY9k8JcYILHQJY0=
github.com/aws/aws-sdk-go-v2/service/dynamodb v1.16.3/go.mod h1:54rQrmbVAupjBP1XKh6BpAAg5AqAHJO+4AuvnNcYenE=
github.com/aws/aws-sdk-go-v2/service/dynamodbstreams v1.13.17 h1:DE+Ool20zkxuTY7bSVNivFvP7KJIZpH71yUT/5NYp84=
github.com/aws/aws-sdk-go-v2/service/dynamodbstreams v1.13.17/go.mod h1:cu9GUuTakPmKAYfuidqEUt3nFvKkvaNACTdheT8panI=
github.com/aws/aws-sdk-go-v2/service/internal/accept-encoding v1.9.7 h1:f0l2kujaZ0UyqwfKdtPaYQs8vzFmLbtPhWDNYeEY4ho=
github.com/aws/aws-sdk-go-v2/service/internal/accept-encoding v1.9.7/go.mod h1:aGaU7sKr91r4yZCi+4fWpsDepAzy8A6u/1enpD3K6mM=
github.com/aws/aws-sdk-go-v2/service/internal/endpoint-discovery v1.7.14 h1:+9gU5C1Wt+h8hJ0IHeCczVV1VmXS8EOlz40RxwQZka4=
github.com/aws/aws-sdk-go-v2/service/internal/endpoint-discovery v1.7.14/go.mod h1:yuNqO8ci/tlcZhaNRMbNd5F84zFeffY5Ei/GUBXwP7w=
github.com/aws/aws-sdk-go-v2/service/internal/presigned-url v1.1.0/go.mod h1:mruB7K2oMCoU0WhUeTV1CxpqoP7Q0N1uo5TXH4r2dZA=
github.com/aws/aws-sdk-go-v2/service/sso v1.2.0/go.mod h1:5qnaL4AtNElFr+a5mdkvD+89jGwpTVyWWX5W/eLzmes=
github.com/aws/aws-sdk-go-v2/service/sts v1.4.0/go.mod h1:VJE1MpZYuhpWfOVmz7xFou78H5uJc7RX+8CKpbRaG9k=
github.com/aws/smithy-go v1.4.0/go.mod h1:SObp3lf9smib00L/v3U2eAKG8FyQ7iLrJnQiAmR5n+E=
github.com/aws/smithy-go v1.13.1 h1:q09BdpUiaqpothcv393ACfWJJHzlzjB5HaNL1XHKmoQ=
github.com/aws/smithy-go v1.13.1/go.mod h1:Tg+OJXh4MB2R/uN61Ko2f6hTZwB/ZYGOtib8J3gBHzA=
github.com/davecgh/go-spew v1.1.0/go.mod h1:J7Y8YcW2NihsgmVo/mv3lAwl/skON4iLHjSsI+c5H38=
github.com/davecgh/go-spew v1.1.1 h1:vj9j/u1bqnvCEfJOwUhtlOARqs3+rkHYY13jYWTU97c=
github.com/davecgh/go-spew v1.1.1/go.mod h1:J7Y8YcW2NihsgmVo/mv3lAwl/skON4iLHjSsI+c5H38=
github.com/google/go-cmp v0.5.4/go.mod h1:v8dTdLbMG2kIc/vJvl+f65V22dbkXbowE6jgT/gNBxE=
github.com/google/go-cmp v0.5.8 h1:e6P7q2lk1O+qJJb4BtCQXlK8vWEO8V1ZeuEdJNOqZyg=
github.com/google/go-cmp v0.5.8/go.mod h1:17dUlkBOakJ0+DkrSSNjCkIjxS6bF9zb3elmeNGIjoY=
github.com/jmespath/go-jmespath v0.4.0 h1:BEgLn5cpjn8UN1mAw4NjwDrS35OdebyEtFe+9YPoQUg=
github.com/jmespath/go-jmespath v0.4.0/go.mod h1:T8mJZnbsbmF+m6zOOFylbeCJqk5+pHWvzYPziyZiYoo=
github.com/jmespath/go-jmespath/internal/testify v1.5.1 h1:shLQSRRSCCPj3f2gpwzGwWFoC7ycTf1rcQZHOlsJ6N8=
github.com/jmespath/go-jmespath/internal/testify v1.5.1/go.mod h1:L3OGu8Wl2/fWfCI6z80xFu9LTZmf1ZRjMHUOPmWr69U=
github.com/oklog/ulid/v2 v2.0.2 h1:r4fFzBm+bv0wNKNh5eXTwU7i85y5x+uwkxCUTNVQqLc=
github.com/oklog/ulid/v2 v2.0.2/go.mod h1:mtBL0Qe/0HAx6/a4Z30qxVIAL1eQDweXq5lxOEiwQ68=
github.com/pborman/getopt v0.0.0-20170112200414-7148bc3a4c30/go.mod h1:85jBQOZwpVEaDAr341tbn15RS4fCAsIst0qp7i8ex1o=
github.com/pkg/errors v0.9.1 h1:FEBLx1zS214owpjy7qsBeixbURkuhQAwrK5UwLGTwt4=
github.com/pkg/errors v0.9.1/go.mod h1:bwawxfHBFNV+L2hUp1rHADufV3IMtnDRdf1r5NINEl0=
github.com/pmezard/go-difflib v1.0.0 h1:4DBwDE0NGyQoBHbLQYPwSUPoCMWR5BEzIk/f1lZbAQM=
github.com/pmezard/go-difflib v1.0.0/go.mod h1:iKH77koFhYxTK1pcRnkKkqfTogsbg7gZNVY4sRDYZ/4=
github.com/stretchr/objx v0.1.0/go.mod h1:HFkY916IF+rwdDfMAkV7OtwuqBVzrE8GR6GFx+wExME=
github.com/stretchr/testify v1.7.0 h1:nwc3DEeHmmLAfoZucVR881uASk0Mfjw8xYJ99tb5CcY=
github.com/stretchr/testify v1.7.0/go.mod h1:6Fq8oRcR53rry900zMqJjRRixrwX3KX962/h/Wwjteg=
golang.org/x/xerrors v0.0.0-20191204190536-9bdfabe68543/go.mod h1:I/5z698sn9Ka8TeJc9MKroUUfqBBauWjQqLJ2OPfmY0=
gopkg.in/check.v1 v0.0.0-20161208181325-20d25e280405 h1:yhCVgyC4o1eVCa2tZl7eS0r+SDo693bJlVdllGtEeKM=
gopkg.in/check.v1 v0.0.0-20161208181325-20d25e280405/go.mod h1:Co6ibVJAznAaIkqp8huTwlJQCZ016jof/cbN4VW5Yz0=
gopkg.in/yaml.v2 v2.2.8/go.mod h1:hI93XBmqTisBFMUTm0b8Fm+jr3Dg1NNxqwp+5A1VGuI=
gopkg.in/yaml.v2 v2.3.0 h1:clyUAQHOM3G0M3f5vQj7LuJrETvjVot3Z5el9nffUtU=
gopkg.in/yaml.v2 v2.3.0/go.mod h1:hI93XBmqTisBFMUTm0b8Fm+jr3Dg1NNxqwp+5A1VGuI=
gopkg.in/yaml.v3 v3.0.0-20200313102051-9f266ea9e77c/go.mod h1:K4uyk7z7BCEPqu6E+C64Yfv1cQ7kz7rIZviUmN+EgEM=
gopkg.in/yaml.v3 v3.0.0-20210107192922-496545a6307b h1:h8qDotaEPuJATrMmW04NCwg7v22aHH28wwpauUhK9Oo=
gopkg.in/yaml.v3 v3.0.0-20210107192922-496545a6307b/go.mod h1:K4uyk7z7BCEPqu6E+C64Yfv1cQ7kz7rIZviUmN+EgEM=
